<?xml version="1.0" encoding="utf-8"?>
<Project ToolsVersion="4.0" xmlns="http://schemas.microsoft.com/developer/msbuild/2003">
  <ItemGroup>
    <ClInclude Include="framework.h">
      <Filter>Default</Filter>
    </ClInclude>
    <ClInclude Include="Resource.h">
      <Filter>Default</Filter>
    </ClInclude>
    <ClInclude Include="targetver.h">
      <Filter>Default</Filter>
    </ClInclude>
    <ClInclude Include="WinAPI.h">
      <Filter>Default</Filter>
    </ClInclude>
    <ClInclude Include="CEngine.h">
      <Filter>Game\02. Engine</Filter>
    </ClInclude>
    <ClInclude Include="define.h">
      <Filter>Game\01. Header</Filter>
    </ClInclude>
    <ClInclude Include="pch.h">
      <Filter>Default</Filter>
    </ClInclude>
    <ClInclude Include="enum.h">
      <Filter>Game\01. Header</Filter>
    </ClInclude>
    <ClInclude Include="global.h">
      <Filter>Game\01. Header</Filter>
    </ClInclude>
    <ClInclude Include="CSelectGDI.h">
      <Filter>Game\Module</Filter>
    </ClInclude>
    <ClInclude Include="CBase.h">
      <Filter>Game\Module</Filter>
    </ClInclude>
    <ClInclude Include="CObj.h">
      <Filter>Game\05. Object</Filter>
    </ClInclude>
    <ClInclude Include="struct.h">
      <Filter>Game\01. Header</Filter>
    </ClInclude>
    <ClInclude Include="CTimeMgr.h">
      <Filter>Game\03. Manager\01. Time</Filter>
    </ClInclude>
    <ClInclude Include="CKeyMgr.h">
      <Filter>Game\03. Manager\02. Key</Filter>
    </ClInclude>
    <ClInclude Include="CLevel.h">
      <Filter>Game\04. Level</Filter>
    </ClInclude>
    <ClInclude Include="CLevelMgr.h">
      <Filter>Game\03. Manager\03. Level</Filter>
    </ClInclude>
    <ClInclude Include="func_template.h">
      <Filter>Game\01. Header</Filter>
    </ClInclude>
    <ClInclude Include="CPlayer.h">
      <Filter>Game\05. Object\Player</Filter>
    </ClInclude>
    <ClInclude Include="CMonster.h">
      <Filter>Game\05. Object\Monster</Filter>
    </ClInclude>
    <ClInclude Include="CMissile.h">
      <Filter>Game\05. Object\Missile</Filter>
    </ClInclude>
  </ItemGroup>
  <ItemGroup>
    <Image Include="small.ico">
      <Filter>Default</Filter>
    </Image>
    <Image Include="WinAPI.ico">
      <Filter>Default</Filter>
    </Image>
  </ItemGroup>
  <ItemGroup>
    <ClCompile Include="main.cpp" />
    <ClCompile Include="CEngine.cpp">
      <Filter>Game\02. Engine</Filter>
    </ClCompile>
    <ClCompile Include="pch.cpp">
      <Filter>Default</Filter>
    </ClCompile>
    <ClCompile Include="CSelectGDI.cpp">
      <Filter>Game\Module</Filter>
    </ClCompile>
    <ClCompile Include="CBase.cpp">
      <Filter>Game\Module</Filter>
    </ClCompile>
    <ClCompile Include="CObj.cpp">
      <Filter>Game\05. Object</Filter>
    </ClCompile>
    <ClCompile Include="CTimeMgr.cpp">
      <Filter>Game\03. Manager\01. Time</Filter>
    </ClCompile>
    <ClCompile Include="CKeyMgr.cpp">
      <Filter>Game\03. Manager\02. Key</Filter>
    </ClCompile>
    <ClCompile Include="CLevel.cpp">
      <Filter>Game\04. Level</Filter>
    </ClCompile>
    <ClCompile Include="CLevelMgr.cpp">
      <Filter>Game\03. Manager\03. Level</Filter>
    </ClCompile>
    <ClCompile Include="CPlayer.cpp">
      <Filter>Game\05. Object\Player</Filter>
    </ClCompile>
    <ClCompile Include="CMonster.cpp">
      <Filter>Game\05. Object\Monster</Filter>
    </ClCompile>
    <ClCompile Include="CMissile.cpp">
      <Filter>Game\05. Object\Missile</Filter>
    </ClCompile>
  </ItemGroup>
  <ItemGroup>
    <Filter Include="Default">
      <UniqueIdentifier>{7483f281-3719-4d17-907b-801bf6286e1e}</UniqueIdentifier>
    </Filter>
    <Filter Include="Game">
      <UniqueIdentifier>{70d14ce5-afba-4025-ba13-54324dd8457d}</UniqueIdentifier>
    </Filter>
    <Filter Include="Game\01. Header">
      <UniqueIdentifier>{622c06d0-8ba3-4b08-82ea-6d2677ba6c4d}</UniqueIdentifier>
    </Filter>
    <Filter Include="Game\02. Engine">
      <UniqueIdentifier>{f77ae0f6-6b9b-4fd6-952c-c3b38d606000}</UniqueIdentifier>
    </Filter>
    <Filter Include="Game\Module">
      <UniqueIdentifier>{8cd93ad2-534b-4036-a84d-1c6d23b2640a}</UniqueIdentifier>
    </Filter>
    <Filter Include="Game\03. Manager">
      <UniqueIdentifier>{b7b55327-4974-4122-bffe-ad4a3c70087e}</UniqueIdentifier>
    </Filter>
    <Filter Include="Game\03. Manager\01. Time">
      <UniqueIdentifier>{a8bf3e2b-60e2-47e4-9d3f-7fa43d33aea2}</UniqueIdentifier>
    </Filter>
    <Filter Include="Game\03. Manager\02. Key">
      <UniqueIdentifier>{3c28a35e-c8da-4ae9-a0a7-1ecb2f1e7c8c}</UniqueIdentifier>
    </Filter>
    <Filter Include="Game\05. Object">
      <UniqueIdentifier>{e17a9ac2-65f5-4902-bc17-ae5bdfe85ee0}</UniqueIdentifier>
    </Filter>
    <Filter Include="Game\04. Level">
      <UniqueIdentifier>{f4e876d7-2309-4b05-8f71-ca3e8b6f1452}</UniqueIdentifier>
    </Filter>
    <Filter Include="Game\03. Manager\03. Level">
      <UniqueIdentifier>{0c73f03c-dce6-4fbb-9e21-1574f8b9284d}</UniqueIdentifier>
    </Filter>
    <Filter Include="Game\05. Object\Player">
      <UniqueIdentifier>{3f8bcf77-e85c-4ad7-8601-68d1fde18162}</UniqueIdentifier>
    </Filter>
    <Filter Include="Game\05. Object\Monster">
      <UniqueIdentifier>{5baa8d0a-8169-4616-b03d-b5301d8226eb}</UniqueIdentifier>
    </Filter>
    <Filter Include="Game\05. Object\Missile">
      <UniqueIdentifier>{c52c2ac2-980a-4edf-b139-f38195c8f54d}</UniqueIdentifier>
    </Filter>
  </ItemGroup>
  <ItemGroup>
    <ResourceCompile Include="WinAPI.rc">
      <Filter>Default</Filter>
    </ResourceCompile>
  </ItemGroup>
</Project>